{
  "name": "@code-mentoring/api",
  "version": "0.0.0",
  "lockfileVersion": 1,
  "requires": true,
  "dependencies": {
    "md5-typescript": {
      "version": "1.0.5",
      "resolved": "https://registry.npmjs.org/md5-typescript/-/md5-typescript-1.0.5.tgz",
      "integrity": "sha1-aMCyTf+OXTFi5Jj6mJO2O+cuA48="
    },
    "uuid": {
      "version": "7.0.3"
    }
  }
}
